
Microsoft Visual Studio Solution File, Format Version 12.00
# Visual Studio Version 16
VisualStudioVersion = 16.0.31702.278
MinimumVisualStudioVersion = 10.0.40219.1
Project("{F184B08F-C81C-45F6-A57F-5ABD9991F28F}") = "Proyecto mamaflex", "Proyecto mamaflex\Proyecto mamaflex.vbproj", "{A6D58DB2-74DB-434B-8E5C-219B0B014F88}"
EndProject
Global
	GlobalSection(SolutionConfigurationPlatforms) = preSolution
		Debug|Any CPU = Debug|Any CPU
		Release|Any CPU = Release|Any CPU
	EndGlobalSection
	GlobalSection(ProjectConfigurationPlatforms) = postSolution
		{A6D58DB2-74DB-434B-8E5C-219B0B014F88}.Debug|Any CPU.ActiveCfg = Debug|Any CPU
		{A6D58DB2-74DB-434B-8E5C-219B0B014F88}.Debug|Any CPU.Build.0 = Debug|Any CPU
		{A6D58DB2-74DB-434B-8E5C-219B0B014F88}.Release|Any CPU.ActiveCfg = Release|Any CPU
		{A6D58DB2-74DB-434B-8E5C-219B0B014F88}.Release|Any CPU.Build.0 = Release|Any CPU
	EndGlobalSection
	GlobalSection(SolutionProperties) = preSolution
		HideSolutionNode = FALSE
	EndGlobalSection
	GlobalSection(ExtensibilityGlobals) = postSolution
		SolutionGuid = {4B0DC79E-21E5-4A39-9D50-93AB2C4E780B}
	EndGlobalSection
EndGlobal
